
Microsoft Visual Studio Solution File, Format Version 12.00
# Visual Studio Version 16
VisualStudioVersion = 16.0.29102.190
MinimumVisualStudioVersion = 10.0.40219.1
Project("{FAE04EC0-301F-11D3-BF4B-00C04F79EFBC}") = "ConsoleApp2", "ConsoleApp2\ConsoleApp2.csproj", "{03AAE412-D741-4470-9AC2-DEBBB6E422C2}"
EndProject
Project("{FAE04EC0-301F-11D3-BF4B-00C04F79EFBC}") = "WebApplication1", "WebApplication1\WebApplication1.csproj", "{5FB4E550-8B38-4C5D-96DE-1B2ECE227B3D}"
EndProject
Global
	GlobalSection(SolutionConfigurationPlatforms) = preSolution
		Debug|Any CPU = Debug|Any CPU
		Release|Any CPU = Release|Any CPU
	EndGlobalSection
	GlobalSection(ProjectConfigurationPlatforms) = postSolution
		{03AAE412-D741-4470-9AC2-DEBBB6E422C2}.Debug|Any CPU.ActiveCfg = Debug|Any CPU
		{03AAE412-D741-4470-9AC2-DEBBB6E422C2}.Debug|Any CPU.Build.0 = Debug|Any CPU
		{03AAE412-D741-4470-9AC2-DEBBB6E422C2}.Release|Any CPU.ActiveCfg = Release|Any CPU
		{03AAE412-D741-4470-9AC2-DEBBB6E422C2}.Release|Any CPU.Build.0 = Release|Any CPU
		{5FB4E550-8B38-4C5D-96DE-1B2ECE227B3D}.Debug|Any CPU.ActiveCfg = Debug|Any CPU
		{5FB4E550-8B38-4C5D-96DE-1B2ECE227B3D}.Debug|Any CPU.Build.0 = Debug|Any CPU
		{5FB4E550-8B38-4C5D-96DE-1B2ECE227B3D}.Release|Any CPU.ActiveCfg = Release|Any CPU
		{5FB4E550-8B38-4C5D-96DE-1B2ECE227B3D}.Release|Any CPU.Build.0 = Release|Any CPU
	EndGlobalSection
	GlobalSection(SolutionProperties) = preSolution
		HideSolutionNode = FALSE
	EndGlobalSection
	GlobalSection(ExtensibilityGlobals) = postSolution
		SolutionGuid = {5147EC37-C7B5-4339-A562-6736763B3102}
	EndGlobalSection
EndGlobal
